
Microsoft Visual Studio Solution File, Format Version 12.00
# Visual Studio 15
VisualStudioVersion = 15.0.28010.2036
MinimumVisualStudioVersion = 10.0.40219.1
Project("{FAE04EC0-301F-11D3-BF4B-00C04F79EFBC}") = "BeginningXamarin.Android", "BeginningXamarin\BeginningXamarin.Android\BeginningXamarin.Android.csproj", "{7F8B7235-3124-4FE2-8C92-BB29261F9028}"
EndProject
Project("{FAE04EC0-301F-11D3-BF4B-00C04F79EFBC}") = "BeginningXamarin.iOS", "BeginningXamarin\BeginningXamarin.iOS\BeginningXamarin.iOS.csproj", "{E1554756-18A2-414D-B34F-98E86DF1DCF1}"
EndProject
Project("{FAE04EC0-301F-11D3-BF4B-00C04F79EFBC}") = "BeginningXamarin", "BeginningXamarin\BeginningXamarin\BeginningXamarin.csproj", "{56F90BE4-97E3-497C-BDD4-063B6497DB75}"
EndProject
Global
	GlobalSection(SolutionConfigurationPlatforms) = preSolution
		Ad-Hoc|Any CPU = Ad-Hoc|Any CPU
		Ad-Hoc|iPhone = Ad-Hoc|iPhone
		Ad-Hoc|iPhoneSimulator = Ad-Hoc|iPhoneSimulator
		AppStore|Any CPU = AppStore|Any CPU
		AppStore|iPhone = AppStore|iPhone
		AppStore|iPhoneSimulator = AppStore|iPhoneSimulator
		Debug|Any CPU = Debug|Any CPU
		Debug|iPhone = Debug|iPhone
		Debug|iPhoneSimulator = Debug|iPhoneSimulator
		Release|Any CPU = Release|Any CPU
		Release|iPhone = Release|iPhone
		Release|iPhoneSimulator = Release|iPhoneSimulator
	EndGlobalSection
	GlobalSection(ProjectConfigurationPlatforms) = postSolution
		{7F8B7235-3124-4FE2-8C92-BB29261F9028}.Ad-Hoc|Any CPU.ActiveCfg = Release|Any CPU
		{7F8B7235-3124-4FE2-8C92-BB29261F9028}.Ad-Hoc|Any CPU.Build.0 = Release|Any CPU
		{7F8B7235-3124-4FE2-8C92-BB29261F9028}.Ad-Hoc|Any CPU.Deploy.0 = Release|Any CPU
		{7F8B7235-3124-4FE2-8C92-BB29261F9028}.Ad-Hoc|iPhone.ActiveCfg = Release|Any CPU
		{7F8B7235-3124-4FE2-8C92-BB29261F9028}.Ad-Hoc|iPhone.Build.0 = Release|Any CPU
		{7F8B7235-3124-4FE2-8C92-BB29261F9028}.Ad-Hoc|iPhone.Deploy.0 = Release|Any CPU
		{7F8B7235-3124-4FE2-8C92-BB29261F9028}.Ad-Hoc|iPhoneSimulator.ActiveCfg = Release|Any CPU
		{7F8B7235-3124-4FE2-8C92-BB29261F9028}.Ad-Hoc|iPhoneSimulator.Build.0 = Release|Any CPU
		{7F8B7235-3124-4FE2-8C92-BB29261F9028}.Ad-Hoc|iPhoneSimulator.Deploy.0 = Release|Any CPU
		{7F8B7235-3124-4FE2-8C92-BB29261F9028}.AppStore|Any CPU.ActiveCfg = Release|Any CPU
		{7F8B7235-3124-4FE2-8C92-BB29261F9028}.AppStore|Any CPU.Build.0 = Release|Any CPU
		{7F8B7235-3124-4FE2-8C92-BB29261F9028}.AppStore|Any CPU.Deploy.0 = Release|Any CPU
		{7F8B7235-3124-4FE2-8C92-BB29261F9028}.AppStore|iPhone.ActiveCfg = Release|Any CPU
		{7F8B7235-3124-4FE2-8C92-BB29261F9028}.AppStore|iPhone.Build.0 = Release|Any CPU
		{7F8B7235-3124-4FE2-8C92-BB29261F9028}.AppStore|iPhone.Deploy.0 = Release|Any CPU
		{7F8B7235-3124-4FE2-8C92-BB29261F9028}.AppStore|iPhoneSimulator.ActiveCfg = Release|Any CPU
		{7F8B7235-3124-4FE2-8C92-BB29261F9028}.AppStore|iPhoneSimulator.Build.0 = Release|Any CPU
		{7F8B7235-3124-4FE2-8C92-BB29261F9028}.AppStore|iPhoneSimulator.Deploy.0 = Release|Any CPU
		{7F8B7235-3124-4FE2-8C92-BB29261F9028}.Debug|Any CPU.ActiveCfg = Debug|Any CPU
		{7F8B7235-3124-4FE2-8C92-BB29261F9028}.Debug|Any CPU.Build.0 = Debug|Any CPU
		{7F8B7235-3124-4FE2-8C92-BB29261F9028}.Debug|Any CPU.Deploy.0 = Debug|Any CPU
		{7F8B7235-3124-4FE2-8C92-BB29261F9028}.Debug|iPhone.ActiveCfg = Debug|Any CPU
		{7F8B7235-3124-4FE2-8C92-BB29261F9028}.Debug|iPhone.Build.0 = Debug|Any CPU
		{7F8B7235-3124-4FE2-8C92-BB29261F9028}.Debug|iPhone.Deploy.0 = Debug|Any CPU
		{7F8B7235-3124-4FE2-8C92-BB29261F9028}.Debug|iPhoneSimulator.ActiveCfg = Debug|Any CPU
		{7F8B7235-3124-4FE2-8C92-BB29261F9028}.Debug|iPhoneSimulator.Build.0 = Debug|Any CPU
		{7F8B7235-3124-4FE2-8C92-BB29261F9028}.Debug|iPhoneSimulator.Deploy.0 = Debug|Any CPU
		{7F8B7235-3124-4FE2-8C92-BB29261F9028}.Release|Any CPU.ActiveCfg = Release|Any CPU
		{7F8B7235-3124-4FE2-8C92-BB29261F9028}.Release|Any CPU.Build.0 = Release|Any CPU
		{7F8B7235-3124-4FE2-8C92-BB29261F9028}.Release|Any CPU.Deploy.0 = Release|Any CPU
		{7F8B7235-3124-4FE2-8C92-BB29261F9028}.Release|iPhone.ActiveCfg = Release|Any CPU
		{7F8B7235-3124-4FE2-8C92-BB29261F9028}.Release|iPhone.Build.0 = Release|Any CPU
		{7F8B7235-3124-4FE2-8C92-BB29261F9028}.Release|iPhone.Deploy.0 = Release|Any CPU
		{7F8B7235-3124-4FE2-8C92-BB29261F9028}.Release|iPhoneSimulator.ActiveCfg = Release|Any CPU
		{7F8B7235-3124-4FE2-8C92-BB29261F9028}.Release|iPhoneSimulator.Build.0 = Release|Any CPU
		{7F8B7235-3124-4FE2-8C92-BB29261F9028}.Release|iPhoneSimulator.Deploy.0 = Release|Any CPU
		{E1554756-18A2-414D-B34F-98E86DF1DCF1}.Ad-Hoc|Any CPU.ActiveCfg = Ad-Hoc|iPhone
		{E1554756-18A2-414D-B34F-98E86DF1DCF1}.Ad-Hoc|Any CPU.Build.0 = Ad-Hoc|iPhone
		{E1554756-18A2-414D-B34F-98E86DF1DCF1}.Ad-Hoc|Any CPU.Deploy.0 = Ad-Hoc|iPhone
		{E1554756-18A2-414D-B34F-98E86DF1DCF1}.Ad-Hoc|iPhone.ActiveCfg = Ad-Hoc|iPhone
		{E1554756-18A2-414D-B34F-98E86DF1DCF1}.Ad-Hoc|iPhone.Build.0 = Ad-Hoc|iPhone
		{E1554756-18A2-414D-B34F-98E86DF1DCF1}.Ad-Hoc|iPhone.Deploy.0 = Ad-Hoc|iPhone
		{E1554756-18A2-414D-B34F-98E86DF1DCF1}.Ad-Hoc|iPhoneSimulator.ActiveCfg = Ad-Hoc|iPhoneSimulator
		{E1554756-18A2-414D-B34F-98E86DF1DCF1}.Ad-Hoc|iPhoneSimulator.Build.0 = Ad-Hoc|iPhoneSimulator
		{E1554756-18A2-414D-B34F-98E86DF1DCF1}.Ad-Hoc|iPhoneSimulator.Deploy.0 = Ad-Hoc|iPhoneSimulator
		{E1554756-18A2-414D-B34F-98E86DF1DCF1}.AppStore|Any CPU.ActiveCfg = AppStore|iPhone
		{E1554756-18A2-414D-B34F-98E86DF1DCF1}.AppStore|Any CPU.Build.0 = AppStore|iPhone
		{E1554756-18A2-414D-B34F-98E86DF1DCF1}.AppStore|Any CPU.Deploy.0 = AppStore|iPhone
		{E1554756-18A2-414D-B34F-98E86DF1DCF1}.AppStore|iPhone.ActiveCfg = AppStore|iPhone
		{E1554756-18A2-414D-B34F-98E86DF1DCF1}.AppStore|iPhone.Build.0 = AppStore|iPhone
		{E1554756-18A2-414D-B34F-98E86DF1DCF1}.AppStore|iPhone.Deploy.0 = AppStore|iPhone
		{E1554756-18A2-414D-B34F-98E86DF1DCF1}.AppStore|iPhoneSimulator.ActiveCfg = AppStore|iPhoneSimulator
		{E1554756-18A2-414D-B34F-98E86DF1DCF1}.AppStore|iPhoneSimulator.Build.0 = AppStore|iPhoneSimulator
		{E1554756-18A2-414D-B34F-98E86DF1DCF1}.AppStore|iPhoneSimulator.Deploy.0 = AppStore|iPhoneSimulator
		{E1554756-18A2-414D-B34F-98E86DF1DCF1}.Debug|Any CPU.ActiveCfg = Debug|iPhoneSimulator
		{E1554756-18A2-414D-B34F-98E86DF1DCF1}.Debug|Any CPU.Build.0 = Debug|iPhoneSimulator
		{E1554756-18A2-414D-B34F-98E86DF1DCF1}.Debug|Any CPU.Deploy.0 = Debug|iPhoneSimulator
		{E1554756-18A2-414D-B34F-98E86DF1DCF1}.Debug|iPhone.ActiveCfg = Debug|iPhone
		{E1554756-18A2-414D-B34F-98E86DF1DCF1}.Debug|iPhone.Build.0 = Debug|iPhone
		{E1554756-18A2-414D-B34F-98E86DF1DCF1}.Debug|iPhone.Deploy.0 = Debug|iPhone
		{E1554756-18A2-414D-B34F-98E86DF1DCF1}.Debug|iPhoneSimulator.ActiveCfg = Debug|iPhoneSimulator
		{E1554756-18A2-414D-B34F-98E86DF1DCF1}.Debug|iPhoneSimulator.Build.0 = Debug|iPhoneSimulator
		{E1554756-18A2-414D-B34F-98E86DF1DCF1}.Debug|iPhoneSimulator.Deploy.0 = Debug|iPhoneSimulator
		{E1554756-18A2-414D-B34F-98E86DF1DCF1}.Release|Any CPU.ActiveCfg = Release|iPhone
		{E1554756-18A2-414D-B34F-98E86DF1DCF1}.Release|Any CPU.Build.0 = Release|iPhone
		{E1554756-18A2-414D-B34F-98E86DF1DCF1}.Release|Any CPU.Deploy.0 = Release|iPhone
		{E1554756-18A2-414D-B34F-98E86DF1DCF1}.Release|iPhone.ActiveCfg = Release|iPhone
		{E1554756-18A2-414D-B34F-98E86DF1DCF1}.Release|iPhone.Build.0 = Release|iPhone
		{E1554756-18A2-414D-B34F-98E86DF1DCF1}.Release|iPhone.Deploy.0 = Release|iPhone
		{E1554756-18A2-414D-B34F-98E86DF1DCF1}.Release|iPhoneSimulator.ActiveCfg = Release|iPhoneSimulator
		{E1554756-18A2-414D-B34F-98E86DF1DCF1}.Release|iPhoneSimulator.Build.0 = Release|iPhoneSimulator
		{E1554756-18A2-414D-B34F-98E86DF1DCF1}.Release|iPhoneSimulator.Deploy.0 = Release|iPhoneSimulator
		{56F90BE4-97E3-497C-BDD4-063B6497DB75}.Ad-Hoc|Any CPU.ActiveCfg = Debug|Any CPU
		{56F90BE4-97E3-497C-BDD4-063B6497DB75}.Ad-Hoc|Any CPU.Build.0 = Debug|Any CPU
		{56F90BE4-97E3-497C-BDD4-063B6497DB75}.Ad-Hoc|Any CPU.Deploy.0 = Debug|Any CPU
		{56F90BE4-97E3-497C-BDD4-063B6497DB75}.Ad-Hoc|iPhone.ActiveCfg = Debug|Any CPU
		{56F90BE4-97E3-497C-BDD4-063B6497DB75}.Ad-Hoc|iPhone.Build.0 = Debug|Any CPU
		{56F90BE4-97E3-497C-BDD4-063B6497DB75}.Ad-Hoc|iPhone.Deploy.0 = Debug|Any CPU
		{56F90BE4-97E3-497C-BDD4-063B6497DB75}.Ad-Hoc|iPhoneSimulator.ActiveCfg = Debug|Any CPU
		{56F90BE4-97E3-497C-BDD4-063B6497DB75}.Ad-Hoc|iPhoneSimulator.Build.0 = Debug|Any CPU
		{56F90BE4-97E3-497C-BDD4-063B6497DB75}.Ad-Hoc|iPhoneSimulator.Deploy.0 = Debug|Any CPU
		{56F90BE4-97E3-497C-BDD4-063B6497DB75}.AppStore|Any CPU.ActiveCfg = Debug|Any CPU
		{56F90BE4-97E3-497C-BDD4-063B6497DB75}.AppStore|Any CPU.Build.0 = Debug|Any CPU
		{56F90BE4-97E3-497C-BDD4-063B6497DB75}.AppStore|Any CPU.Deploy.0 = Debug|Any CPU
		{56F90BE4-97E3-497C-BDD4-063B6497DB75}.AppStore|iPhone.ActiveCfg = Debug|Any CPU
		{56F90BE4-97E3-497C-BDD4-063B6497DB75}.AppStore|iPhone.Build.0 = Debug|Any CPU
		{56F90BE4-97E3-497C-BDD4-063B6497DB75}.AppStore|iPhone.Deploy.0 = Debug|Any CPU
		{56F90BE4-97E3-497C-BDD4-063B6497DB75}.AppStore|iPhoneSimulator.ActiveCfg = Debug|Any CPU
		{56F90BE4-97E3-497C-BDD4-063B6497DB75}.AppStore|iPhoneSimulator.Build.0 = Debug|Any CPU
		{56F90BE4-97E3-497C-BDD4-063B6497DB75}.AppStore|iPhoneSimulator.Deploy.0 = Debug|Any CPU
		{56F90BE4-97E3-497C-BDD4-063B6497DB75}.Debug|Any CPU.ActiveCfg = Debug|Any CPU
		{56F90BE4-97E3-497C-BDD4-063B6497DB75}.Debug|Any CPU.Build.0 = Debug|Any CPU
		{56F90BE4-97E3-497C-BDD4-063B6497DB75}.Debug|Any CPU.Deploy.0 = Debug|Any CPU
		{56F90BE4-97E3-497C-BDD4-063B6497DB75}.Debug|iPhone.ActiveCfg = Debug|Any CPU
		{56F90BE4-97E3-497C-BDD4-063B6497DB75}.Debug|iPhone.Build.0 = Debug|Any CPU
		{56F90BE4-97E3-497C-BDD4-063B6497DB75}.Debug|iPhone.Deploy.0 = Debug|Any CPU
		{56F90BE4-97E3-497C-BDD4-063B6497DB75}.Debug|iPhoneSimulator.ActiveCfg = Debug|Any CPU
		{56F90BE4-97E3-497C-BDD4-063B6497DB75}.Debug|iPhoneSimulator.Build.0 = Debug|Any CPU
		{56F90BE4-97E3-497C-BDD4-063B6497DB75}.Debug|iPhoneSimulator.Deploy.0 = Debug|Any CPU
		{56F90BE4-97E3-497C-BDD4-063B6497DB75}.Release|Any CPU.ActiveCfg = Release|Any CPU
		{56F90BE4-97E3-497C-BDD4-063B6497DB75}.Release|Any CPU.Build.0 = Release|Any CPU
		{56F90BE4-97E3-497C-BDD4-063B6497DB75}.Release|Any CPU.Deploy.0 = Release|Any CPU
		{56F90BE4-97E3-497C-BDD4-063B6497DB75}.Release|iPhone.ActiveCfg = Release|Any CPU
		{56F90BE4-97E3-497C-BDD4-063B6497DB75}.Release|iPhone.Build.0 = Release|Any CPU
		{56F90BE4-97E3-497C-BDD4-063B6497DB75}.Release|iPhone.Deploy.0 = Release|Any CPU
		{56F90BE4-97E3-497C-BDD4-063B6497DB75}.Release|iPhoneSimulator.ActiveCfg = Release|Any CPU
		{56F90BE4-97E3-497C-BDD4-063B6497DB75}.Release|iPhoneSimulator.Build.0 = Release|Any CPU
		{56F90BE4-97E3-497C-BDD4-063B6497DB75}.Release|iPhoneSimulator.Deploy.0 = Release|Any CPU
	EndGlobalSection
	GlobalSection(SolutionProperties) = preSolution
		HideSolutionNode = FALSE
	EndGlobalSection
	GlobalSection(ExtensibilityGlobals) = postSolution
		SolutionGuid = {483438CD-D557-4FA5-97B2-5752F2CF4609}
	EndGlobalSection
EndGlobal
